
Microsoft Visual Studio Solution File, Format Version 12.00
# Visual Studio 15
VisualStudioVersion = 15.0.27428.2027
MinimumVisualStudioVersion = 10.0.40219.1
Project("{FAE04EC0-301F-11D3-BF4B-00C04F79EFBC}") = "ParkingWebAPI", "ParkingWebAPI\ParkingWebAPI.csproj", "{DB4C36B2-476E-4BBD-B1AA-FE33E6D6C298}"
EndProject
Project("{FAE04EC0-301F-11D3-BF4B-00C04F79EFBC}") = "ParkingLibrary", "ParkingLibrary\ParkingLibrary.csproj", "{361C728D-4CFB-4FF7-BD94-F859720E3CF6}"
EndProject
Global
	GlobalSection(SolutionConfigurationPlatforms) = preSolution
		Debug|Any CPU = Debug|Any CPU
		Release|Any CPU = Release|Any CPU
	EndGlobalSection
	GlobalSection(ProjectConfigurationPlatforms) = postSolution
		{DB4C36B2-476E-4BBD-B1AA-FE33E6D6C298}.Debug|Any CPU.ActiveCfg = Debug|Any CPU
		{DB4C36B2-476E-4BBD-B1AA-FE33E6D6C298}.Debug|Any CPU.Build.0 = Debug|Any CPU
		{DB4C36B2-476E-4BBD-B1AA-FE33E6D6C298}.Release|Any CPU.ActiveCfg = Release|Any CPU
		{DB4C36B2-476E-4BBD-B1AA-FE33E6D6C298}.Release|Any CPU.Build.0 = Release|Any CPU
		{361C728D-4CFB-4FF7-BD94-F859720E3CF6}.Debug|Any CPU.ActiveCfg = Debug|Any CPU
		{361C728D-4CFB-4FF7-BD94-F859720E3CF6}.Debug|Any CPU.Build.0 = Debug|Any CPU
		{361C728D-4CFB-4FF7-BD94-F859720E3CF6}.Release|Any CPU.ActiveCfg = Release|Any CPU
		{361C728D-4CFB-4FF7-BD94-F859720E3CF6}.Release|Any CPU.Build.0 = Release|Any CPU
	EndGlobalSection
	GlobalSection(SolutionProperties) = preSolution
		HideSolutionNode = FALSE
	EndGlobalSection
	GlobalSection(ExtensibilityGlobals) = postSolution
		SolutionGuid = {53610A21-9986-493D-800B-C278467B95C6}
	EndGlobalSection
EndGlobal
